Microsoft Visual Studio Solution File, Format Version 11.00
# Visual Studio 2008

Project("{5261314C-AD0F-52B4-9050-E4EEEA2E6252}") = "HKI-topdown", "Assembly-CSharp-firstpass.csproj", "{EBC5AC52-94F0-251F-E5D1-758EBBEDE152}"
EndProject
Project("{5261314C-AD0F-52B4-9050-E4EEEA2E6252}") = "HKI-topdown", "Assembly-CSharp.csproj", "{A458B69E-C45C-4734-E410-457AA6177FE1}"
EndProject
Project("{5261314C-AD0F-52B4-9050-E4EEEA2E6252}") = "HKI-topdown", "Assembly-CSharp-Editor.csproj", "{E6C1E149-C007-05DB-40F8-DF22A584C01B}"
EndProject
Global
	GlobalSection(SolutionConfigurationPlatforms) = preSolution
		Debug|Any CPU = Debug|Any CPU
		Release|Any CPU = Release|Any CPU
	EndGlobalSection
	GlobalSection(ProjectConfigurationPlatforms) = postSolution
		{EBC5AC52-94F0-251F-E5D1-758EBBEDE152}.Debug|Any CPU.ActiveCfg = Debug|Any CPU
		{EBC5AC52-94F0-251F-E5D1-758EBBEDE152}.Debug|Any CPU.Build.0 = Debug|Any CPU
		{EBC5AC52-94F0-251F-E5D1-758EBBEDE152}.Release|Any CPU.ActiveCfg = Release|Any CPU
		{EBC5AC52-94F0-251F-E5D1-758EBBEDE152}.Release|Any CPU.Build.0 = Release|Any CPU
		{A458B69E-C45C-4734-E410-457AA6177FE1}.Debug|Any CPU.ActiveCfg = Debug|Any CPU
		{A458B69E-C45C-4734-E410-457AA6177FE1}.Debug|Any CPU.Build.0 = Debug|Any CPU
		{A458B69E-C45C-4734-E410-457AA6177FE1}.Release|Any CPU.ActiveCfg = Release|Any CPU
		{A458B69E-C45C-4734-E410-457AA6177FE1}.Release|Any CPU.Build.0 = Release|Any CPU
		{E6C1E149-C007-05DB-40F8-DF22A584C01B}.Debug|Any CPU.ActiveCfg = Debug|Any CPU
		{E6C1E149-C007-05DB-40F8-DF22A584C01B}.Debug|Any CPU.Build.0 = Debug|Any CPU
		{E6C1E149-C007-05DB-40F8-DF22A584C01B}.Release|Any CPU.ActiveCfg = Release|Any CPU
		{E6C1E149-C007-05DB-40F8-DF22A584C01B}.Release|Any CPU.Build.0 = Release|Any CPU
	EndGlobalSection
	GlobalSection(SolutionProperties) = preSolution
		HideSolutionNode = FALSE
	EndGlobalSection
																	GlobalSection(MonoDevelopProperties) = preSolution
		StartupItem = Assembly-CSharp.csproj
		Policies = $0
		$0.TextStylePolicy = $1
		$1.inheritsSet = null
		$1.scope = text/x-csharp
		$0.CSharpFormattingPolicy = $2
		$2.inheritsSet = Mono
		$2.inheritsScope = text/x-csharp
		$2.scope = text/x-csharp
		$0.TextStylePolicy = $3
		$3.FileWidth = 120
		$3.TabWidth = 4
		$3.IndentWidth = 4
		$3.EolMarker = Unix
		$3.inheritsSet = Mono
		$3.inheritsScope = text/plain
		$3.scope = text/plain
	EndGlobalSection

EndGlobal
